// !$*UTF8*$!
{
	archiveVersion = 1;
	classes = {
	};
	objectVersion = 46;
	objects = {

/* Begin PBXBuildFile section */
		13105677F16DA4F00155540B /* Pods_radihey.framework in Frameworks */ = {isa = PBXBuildFile; fileRef = 8923FB934C3C9EC0F2C05E7A /* Pods_radihey.framework */; };
		892A1B181E69CE910022C31A /* Reaction.swift in Sources */ = {isa = PBXBuildFile; fileRef = 892A1B171E69CE910022C31A /* Reaction.swift */; };
		892A1B1B1E69D0810022C31A /* Mapper+Extension.swift in Sources */ = {isa = PBXBuildFile; fileRef = 892A1B1A1E69D0810022C31A /* Mapper+Extension.swift */; };
		895956CB1E6909980052E18D /* ListViewController.swift in Sources */ = {isa = PBXBuildFile; fileRef = 895956CA1E6909980052E18D /* ListViewController.swift */; };
		8966B5561E6A5869008FE811 /* KFhimaji.otf in Resources */ = {isa = PBXBuildFile; fileRef = 8966B5551E6A57FF008FE811 /* KFhimaji.otf */; };
		89C42B631E6A5DE9006BB0FB /* SettingViewController.swift in Sources */ = {isa = PBXBuildFile; fileRef = 89C42B621E6A5DE9006BB0FB /* SettingViewController.swift */; };
		89C42B651E6A6E02006BB0FB /* SE in Resources */ = {isa = PBXBuildFile; fileRef = 89C42B641E6A6E02006BB0FB /* SE */; };
		89C42B681E6A8527006BB0FB /* Message.swift in Sources */ = {isa = PBXBuildFile; fileRef = 89C42B671E6A8527006BB0FB /* Message.swift */; };
		89C42B6A1E6A8540006BB0FB /* VoiceStamp.swift in Sources */ = {isa = PBXBuildFile; fileRef = 89C42B691E6A8540006BB0FB /* VoiceStamp.swift */; };
		89E4234F1E6582CD003E4C96 /* AppDelegate.swift in Sources */ = {isa = PBXBuildFile; fileRef = 89E4234E1E6582CD003E4C96 /* AppDelegate.swift */; };
		89E423511E6582CD003E4C96 /* DetailViewController.swift in Sources */ = {isa = PBXBuildFile; fileRef = 89E423501E6582CD003E4C96 /* DetailViewController.swift */; };
		89E423541E6582CD003E4C96 /* Main.storyboard in Resources */ = {isa = PBXBuildFile; fileRef = 89E423521E6582CD003E4C96 /* Main.storyboard */; };
		89E423561E6582CD003E4C96 /* Assets.xcassets in Resources */ = {isa = PBXBuildFile; fileRef = 89E423551E6582CD003E4C96 /* Assets.xcassets */; };
		89E423591E6582CD003E4C96 /* LaunchScreen.storyboard in Resources */ = {isa = PBXBuildFile; fileRef = 89E423571E6582CD003E4C96 /* LaunchScreen.storyboard */; };
		89E423611E6584FA003E4C96 /* GoogleService-Info.plist in Resources */ = {isa = PBXBuildFile; fileRef = 89E423601E6584FA003E4C96 /* GoogleService-Info.plist */; };
		E3282BA91E6A71A700706DE0 /* ReactionButtonCell.xib in Resources */ = {isa = PBXBuildFile; fileRef = E3282BA81E6A71A700706DE0 /* ReactionButtonCell.xib */; };
		E3282BAB1E6A71CC00706DE0 /* RoundedView.swift in Sources */ = {isa = PBXBuildFile; fileRef = E3282BAA1E6A71CC00706DE0 /* RoundedView.swift */; };
		E3282BAD1E6A73FD00706DE0 /* RoomViewController.storyboard in Resources */ = {isa = PBXBuildFile; fileRef = E3282BAC1E6A73FD00706DE0 /* RoomViewController.storyboard */; };
		E3282BB11E6A818C00706DE0 /* RoomViewController.swift in Sources */ = {isa = PBXBuildFile; fileRef = E3282BB01E6A818C00706DE0 /* RoomViewController.swift */; };
		E3282BB31E6A827100706DE0 /* CollectionView+Type.swift in Sources */ = {isa = PBXBuildFile; fileRef = E3282BB21E6A827100706DE0 /* CollectionView+Type.swift */; };
		E3282BB51E6A829E00706DE0 /* ReactionButtonCell.swift in Sources */ = {isa = PBXBuildFile; fileRef = E3282BB41E6A829E00706DE0 /* ReactionButtonCell.swift */; };
		E3282BB71E6A82E500706DE0 /* ReactionButtonCellModel.swift in Sources */ = {isa = PBXBuildFile; fileRef = E3282BB61E6A82E500706DE0 /* ReactionButtonCellModel.swift */; };
		E3282BB91E6A839100706DE0 /* StoryboardInstantiatable.swift in Sources */ = {isa = PBXBuildFile; fileRef = E3282BB81E6A839100706DE0 /* StoryboardInstantiatable.swift */; };
		E3282BBB1E6A860A00706DE0 /* UIColor+Hex.swift in Sources */ = {isa = PBXBuildFile; fileRef = E3282BBA1E6A860A00706DE0 /* UIColor+Hex.swift */; };
		E3282BBD1E6A88EA00706DE0 /* FirebaseClient.swift in Sources */ = {isa = PBXBuildFile; fileRef = E3282BBC1E6A88EA00706DE0 /* FirebaseClient.swift */; };
/* End PBXBuildFile section */

/* Begin PBXFileReference section */
		1B3B2C80EB0F30549D02EE65 /* Pods-radihey.debug.xcconfig */ = {isa = PBXFileReference; includeInIndex = 1; lastKnownFileType = text.xcconfig; name = "Pods-radihey.debug.xcconfig"; path = "Pods/Target Support Files/Pods-radihey/Pods-radihey.debug.xcconfig"; sourceTree = "<group>"; };
		8923FB934C3C9EC0F2C05E7A /* Pods_radihey.framework */ = {isa = PBXFileReference; explicitFileType = wrapper.framework; includeInIndex = 0; path = Pods_radihey.framework; sourceTree = BUILT_PRODUCTS_DIR; };
		892A1B171E69CE910022C31A /* Reaction.swift */ = {isa = PBXFileReference; fileEncoding = 4; lastKnownFileType = sourcecode.swift; path = Reaction.swift; sourceTree = "<group>"; };
		892A1B1A1E69D0810022C31A /* Mapper+Extension.swift */ = {isa = PBXFileReference; fileEncoding = 4; lastKnownFileType = sourcecode.swift; path = "Mapper+Extension.swift"; sourceTree = "<group>"; };
		895956CA1E6909980052E18D /* ListViewController.swift */ = {isa = PBXFileReference; fileEncoding = 4; lastKnownFileType = sourcecode.swift; path = ListViewController.swift; sourceTree = "<group>"; };
		8966B5551E6A57FF008FE811 /* KFhimaji.otf */ = {isa = PBXFileReference; lastKnownFileType = file; path = KFhimaji.otf; sourceTree = "<group>"; };
		89C42B621E6A5DE9006BB0FB /* SettingViewController.swift */ = {isa = PBXFileReference; fileEncoding = 4; lastKnownFileType = sourcecode.swift; path = SettingViewController.swift; sourceTree = "<group>"; };
		89C42B641E6A6E02006BB0FB /* SE */ = {isa = PBXFileReference; lastKnownFileType = folder; path = SE; sourceTree = "<group>"; };
		89C42B671E6A8527006BB0FB /* Message.swift */ = {isa = PBXFileReference; fileEncoding = 4; lastKnownFileType = sourcecode.swift; path = Message.swift; sourceTree = "<group>"; };
		89C42B691E6A8540006BB0FB /* VoiceStamp.swift */ = {isa = PBXFileReference; fileEncoding = 4; lastKnownFileType = sourcecode.swift; path = VoiceStamp.swift; sourceTree = "<group>"; };
		89E4234B1E6582CD003E4C96 /* radihey.app */ = {isa = PBXFileReference; explicitFileType = wrapper.application; includeInIndex = 0; path = radihey.app; sourceTree = BUILT_PRODUCTS_DIR; };
		89E4234E1E6582CD003E4C96 /* AppDelegate.swift */ = {isa = PBXFileReference; lastKnownFileType = sourcecode.swift; path = AppDelegate.swift; sourceTree = "<group>"; wrapsLines = 0; };
		89E423501E6582CD003E4C96 /* DetailViewController.swift */ = {isa = PBXFileReference; lastKnownFileType = sourcecode.swift; path = DetailViewController.swift; sourceTree = "<group>"; };
		89E423531E6582CD003E4C96 /* Base */ = {isa = PBXFileReference; lastKnownFileType = file.storyboard; name = Base; path = Base.lproj/Main.storyboard; sourceTree = "<group>"; };
		89E423551E6582CD003E4C96 /* Assets.xcassets */ = {isa = PBXFileReference; lastKnownFileType = folder.assetcatalog; path = Assets.xcassets; sourceTree = "<group>"; };
		89E423581E6582CD003E4C96 /* Base */ = {isa = PBXFileReference; lastKnownFileType = file.storyboard; name = Base; path = Base.lproj/LaunchScreen.storyboard; sourceTree = "<group>"; };
		89E4235A1E6582CD003E4C96 /* Info.plist */ = {isa = PBXFileReference; lastKnownFileType = text.plist.xml; path = Info.plist; sourceTree = "<group>"; };
		89E423601E6584FA003E4C96 /* GoogleService-Info.plist */ = {isa = PBXFileReference; fileEncoding = 4; lastKnownFileType = text.plist.xml; path = "GoogleService-Info.plist"; sourceTree = "<group>"; };
		9AD06E0EAA8BC3DD38F07750 /* Pods-radihey.release.xcconfig */ = {isa = PBXFileReference; includeInIndex = 1; lastKnownFileType = text.xcconfig; name = "Pods-radihey.release.xcconfig"; path = "Pods/Target Support Files/Pods-radihey/Pods-radihey.release.xcconfig"; sourceTree = "<group>"; };
		E3282BA81E6A71A700706DE0 /* ReactionButtonCell.xib */ = {isa = PBXFileReference; fileEncoding = 4; lastKnownFileType = file.xib; path = ReactionButtonCell.xib; sourceTree = "<group>"; };
		E3282BAA1E6A71CC00706DE0 /* RoundedView.swift */ = {isa = PBXFileReference; fileEncoding = 4; lastKnownFileType = sourcecode.swift; path = RoundedView.swift; sourceTree = "<group>"; };
		E3282BAC1E6A73FD00706DE0 /* RoomViewController.storyboard */ = {isa = PBXFileReference; fileEncoding = 4; lastKnownFileType = file.storyboard; path = RoomViewController.storyboard; sourceTree = "<group>"; };
		E3282BB01E6A818C00706DE0 /* RoomViewController.swift */ = {isa = PBXFileReference; fileEncoding = 4; lastKnownFileType = sourcecode.swift; path = RoomViewController.swift; sourceTree = "<group>"; };
		E3282BB21E6A827100706DE0 /* CollectionView+Type.swift */ = {isa = PBXFileReference; fileEncoding = 4; lastKnownFileType = sourcecode.swift; path = "CollectionView+Type.swift"; sourceTree = "<group>"; };
		E3282BB41E6A829E00706DE0 /* ReactionButtonCell.swift */ = {isa = PBXFileReference; fileEncoding = 4; lastKnownFileType = sourcecode.swift; path = ReactionButtonCell.swift; sourceTree = "<group>"; };
		E3282BB61E6A82E500706DE0 /* ReactionButtonCellModel.swift */ = {isa = PBXFileReference; fileEncoding = 4; lastKnownFileType = sourcecode.swift; path = ReactionButtonCellModel.swift; sourceTree = "<group>"; };
		E3282BB81E6A839100706DE0 /* StoryboardInstantiatable.swift */ = {isa = PBXFileReference; fileEncoding = 4; lastKnownFileType = sourcecode.swift; path = StoryboardInstantiatable.swift; sourceTree = "<group>"; };
		E3282BBA1E6A860A00706DE0 /* UIColor+Hex.swift */ = {isa = PBXFileReference; fileEncoding = 4; lastKnownFileType = sourcecode.swift; path = "UIColor+Hex.swift"; sourceTree = "<group>"; };
		E3282BBC1E6A88EA00706DE0 /* FirebaseClient.swift */ = {isa = PBXFileReference; fileEncoding = 4; lastKnownFileType = sourcecode.swift; path = FirebaseClient.swift; sourceTree = "<group>"; };
/* End PBXFileReference section */

/* Begin PBXFrameworksBuildPhase section */
		89E423481E6582CD003E4C96 /* Frameworks */ = {
			isa = PBXFrameworksBuildPhase;
			buildActionMask = 2147483647;
			files = (
				13105677F16DA4F00155540B /* Pods_radihey.framework in Frameworks */,
			);
			runOnlyForDeploymentPostprocessing = 0;
		};
/* End PBXFrameworksBuildPhase section */

/* Begin PBXGroup section */
		02EC87C9C5F23A646F6A4D2E /* Frameworks */ = {
			isa = PBXGroup;
			children = (
				8923FB934C3C9EC0F2C05E7A /* Pods_radihey.framework */,
			);
			name = Frameworks;
			sourceTree = "<group>";
		};
		46F7589CAED2996F66F7EFD9 /* Pods */ = {
			isa = PBXGroup;
			children = (
				1B3B2C80EB0F30549D02EE65 /* Pods-radihey.debug.xcconfig */,
				9AD06E0EAA8BC3DD38F07750 /* Pods-radihey.release.xcconfig */,
			);
			name = Pods;
			sourceTree = "<group>";
		};
		892A1B151E69CC950022C31A /* Models */ = {
			isa = PBXGroup;
			children = (
				892A1B171E69CE910022C31A /* Reaction.swift */,
				E3282BBC1E6A88EA00706DE0 /* FirebaseClient.swift */,
			);
			name = Models;
			sourceTree = "<group>";
		};
		892A1B161E69CDFE0022C31A /* Resources */ = {
			isa = PBXGroup;
			children = (
				89C42B641E6A6E02006BB0FB /* SE */,
				8966B5541E6A57F7008FE811 /* Font */,
				89E4235A1E6582CD003E4C96 /* Info.plist */,
				89E423551E6582CD003E4C96 /* Assets.xcassets */,
			);
			name = Resources;
			sourceTree = "<group>";
		};
		892A1B191E69D0720022C31A /* Extensions */ = {
			isa = PBXGroup;
			children = (
				892A1B1A1E69D0810022C31A /* Mapper+Extension.swift */,
				E3282BB21E6A827100706DE0 /* CollectionView+Type.swift */,
				E3282BBA1E6A860A00706DE0 /* UIColor+Hex.swift */,
			);
			name = Extensions;
			sourceTree = "<group>";
		};
		8966B5541E6A57F7008FE811 /* Font */ = {
			isa = PBXGroup;
			children = (
				8966B5551E6A57FF008FE811 /* KFhimaji.otf */,
			);
			name = Font;
			sourceTree = "<group>";
		};
		89C42B661E6A8517006BB0FB /* Enums */ = {
			isa = PBXGroup;
			children = (
				89C42B671E6A8527006BB0FB /* Message.swift */,
				89C42B691E6A8540006BB0FB /* VoiceStamp.swift */,
			);
			name = Enums;
			sourceTree = "<group>";
		};
		89E423421E6582CD003E4C96 = {
			isa = PBXGroup;
			children = (
				89E4234D1E6582CD003E4C96 /* radihey */,
				89E4234C1E6582CD003E4C96 /* Products */,
				46F7589CAED2996F66F7EFD9 /* Pods */,
				02EC87C9C5F23A646F6A4D2E /* Frameworks */,
			);
			sourceTree = "<group>";
		};
		89E4234C1E6582CD003E4C96 /* Products */ = {
			isa = PBXGroup;
			children = (
				89E4234B1E6582CD003E4C96 /* radihey.app */,
			);
			name = Products;
			sourceTree = "<group>";
		};
		89E4234D1E6582CD003E4C96 /* radihey */ = {
			isa = PBXGroup;
			children = (
				89C42B661E6A8517006BB0FB /* Enums */,
				E3282BA61E6A711B00706DE0 /* UI */,
				892A1B191E69D0720022C31A /* Extensions */,
				892A1B161E69CDFE0022C31A /* Resources */,
				892A1B151E69CC950022C31A /* Models */,
				89E423601E6584FA003E4C96 /* GoogleService-Info.plist */,
				89E4234E1E6582CD003E4C96 /* AppDelegate.swift */,
				89E423501E6582CD003E4C96 /* DetailViewController.swift */,
				89E423521E6582CD003E4C96 /* Main.storyboard */,
				89E423571E6582CD003E4C96 /* LaunchScreen.storyboard */,
				895956CA1E6909980052E18D /* ListViewController.swift */,
				89C42B621E6A5DE9006BB0FB /* SettingViewController.swift */,
			);
			path = radihey;
			sourceTree = "<group>";
		};
		E3282BA61E6A711B00706DE0 /* UI */ = {
			isa = PBXGroup;
			children = (
				E3282BA71E6A712900706DE0 /* Detail */,
				E3282BB81E6A839100706DE0 /* StoryboardInstantiatable.swift */,
			);
			name = UI;
			sourceTree = "<group>";
		};
		E3282BA71E6A712900706DE0 /* Detail */ = {
			isa = PBXGroup;
			children = (
				E3282BA81E6A71A700706DE0 /* ReactionButtonCell.xib */,
				E3282BAA1E6A71CC00706DE0 /* RoundedView.swift */,
				E3282BAC1E6A73FD00706DE0 /* RoomViewController.storyboard */,
				E3282BB01E6A818C00706DE0 /* RoomViewController.swift */,
				E3282BB41E6A829E00706DE0 /* ReactionButtonCell.swift */,
				E3282BB61E6A82E500706DE0 /* ReactionButtonCellModel.swift */,
			);
			name = Detail;
			sourceTree = "<group>";
		};
/* End PBXGroup section */

/* Begin PBXNativeTarget section */
		89E4234A1E6582CD003E4C96 /* radihey */ = {
			isa = PBXNativeTarget;
			buildConfigurationList = 89E4235D1E6582CD003E4C96 /* Build configuration list for PBXNativeTarget "radihey" */;
			buildPhases = (
				F828743C5C42D733BB164428 /* [CP] Check Pods Manifest.lock */,
				89E423471E6582CD003E4C96 /* Sources */,
				89E423481E6582CD003E4C96 /* Frameworks */,
				89E423491E6582CD003E4C96 /* Resources */,
				5FE9AFFA214332478C6B228B /* [CP] Embed Pods Frameworks */,
				9031CE8CC879486A710DA778 /* [CP] Copy Pods Resources */,
			);
			buildRules = (
			);
			dependencies = (
			);
			name = radihey;
			productName = radihey;
			productReference = 89E4234B1E6582CD003E4C96 /* radihey.app */;
			productType = "com.apple.product-type.application";
		};
/* End PBXNativeTarget section */

/* Begin PBXProject section */
		89E423431E6582CD003E4C96 /* Project object */ = {
			isa = PBXProject;
			attributes = {
				LastSwiftUpdateCheck = 0820;
				LastUpgradeCheck = 0820;
				ORGANIZATIONNAME = syamaoka;
				TargetAttributes = {
					89E4234A1E6582CD003E4C96 = {
						CreatedOnToolsVersion = 8.2.1;
						DevelopmentTeam = 432UW5DNEQ;
						ProvisioningStyle = Automatic;
					};
				};
			};
			buildConfigurationList = 89E423461E6582CD003E4C96 /* Build configuration list for PBXProject "radihey" */;
			compatibilityVersion = "Xcode 3.2";
			developmentRegion = English;
			hasScannedForEncodings = 0;
			knownRegions = (
				en,
				Base,
			);
			mainGroup = 89E423421E6582CD003E4C96;
			productRefGroup = 89E4234C1E6582CD003E4C96 /* Products */;
			projectDirPath = "";
			projectRoot = "";
			targets = (
				89E4234A1E6582CD003E4C96 /* radihey */,
			);
		};
/* End PBXProject section */

/* Begin PBXResourcesBuildPhase section */
		89E423491E6582CD003E4C96 /* Resources */ = {
			isa = PBXResourcesBuildPhase;
			buildActionMask = 2147483647;
			files = (
				89C42B651E6A6E02006BB0FB /* SE in Resources */,
				E3282BA91E6A71A700706DE0 /* ReactionButtonCell.xib in Resources */,
				8966B5561E6A5869008FE811 /* KFhimaji.otf in Resources */,
				89E423591E6582CD003E4C96 /* LaunchScreen.storyboard in Resources */,
				89E423611E6584FA003E4C96 /* GoogleService-Info.plist in Resources */,
				89E423561E6582CD003E4C96 /* Assets.xcassets in Resources */,
				E3282BAD1E6A73FD00706DE0 /* RoomViewController.storyboard in Resources */,
				89E423541E6582CD003E4C96 /* Main.storyboard in Resources */,
			);
			runOnlyForDeploymentPostprocessing = 0;
		};
/* End PBXResourcesBuildPhase section */

/* Begin PBXShellScriptBuildPhase section */
		5FE9AFFA214332478C6B228B /* [CP] Embed Pods Frameworks */ = {
			isa = PBXShellScriptBuildPhase;
			buildActionMask = 2147483647;
			files = (
			);
			inputPaths = (
			);
			name = "[CP] Embed Pods Frameworks";
			outputPaths = (
			);
			runOnlyForDeploymentPostprocessing = 0;
			shellPath = /bin/sh;
			shellScript = "\"${SRCROOT}/Pods/Target Support Files/Pods-radihey/Pods-radihey-frameworks.sh\"\n";
			showEnvVarsInLog = 0;
		};
		9031CE8CC879486A710DA778 /* [CP] Copy Pods Resources */ = {
			isa = PBXShellScriptBuildPhase;
			buildActionMask = 2147483647;
			files = (
			);
			inputPaths = (
			);
			name = "[CP] Copy Pods Resources";
			outputPaths = (
			);
			runOnlyForDeploymentPostprocessing = 0;
			shellPath = /bin/sh;
			shellScript = "\"${SRCROOT}/Pods/Target Support Files/Pods-radihey/Pods-radihey-resources.sh\"\n";
			showEnvVarsInLog = 0;
		};
		F828743C5C42D733BB164428 /* [CP] Check Pods Manifest.lock */ = {
			isa = PBXShellScriptBuildPhase;
			buildActionMask = 2147483647;
			files = (
			);
			inputPaths = (
			);
			name = "[CP] Check Pods Manifest.lock";
			outputPaths = (
			);
			runOnlyForDeploymentPostprocessing = 0;
			shellPath = /bin/sh;
			shellScript = "diff \"${PODS_ROOT}/../Podfile.lock\" \"${PODS_ROOT}/Manifest.lock\" > /dev/null\nif [ $? != 0 ] ; then\n    # print error to STDERR\n    echo \"error: The sandbox is not in sync with the Podfile.lock. Run 'pod install' or update your CocoaPods installation.\" >&2\n    exit 1\nfi\n";
			showEnvVarsInLog = 0;
		};
/* End PBXShellScriptBuildPhase section */

/* Begin PBXSourcesBuildPhase section */
		89E423471E6582CD003E4C96 /* Sources */ = {
			isa = PBXSourcesBuildPhase;
			buildActionMask = 2147483647;
			files = (
				892A1B1B1E69D0810022C31A /* Mapper+Extension.swift in Sources */,
				E3282BB71E6A82E500706DE0 /* ReactionButtonCellModel.swift in Sources */,
				E3282BB31E6A827100706DE0 /* CollectionView+Type.swift in Sources */,
				89E423511E6582CD003E4C96 /* DetailViewController.swift in Sources */,
				89C42B6A1E6A8540006BB0FB /* VoiceStamp.swift in Sources */,
				89C42B681E6A8527006BB0FB /* Message.swift in Sources */,
				E3282BAB1E6A71CC00706DE0 /* RoundedView.swift in Sources */,
				89E4234F1E6582CD003E4C96 /* AppDelegate.swift in Sources */,
				89C42B631E6A5DE9006BB0FB /* SettingViewController.swift in Sources */,
				892A1B181E69CE910022C31A /* Reaction.swift in Sources */,
				895956CB1E6909980052E18D /* ListViewController.swift in Sources */,
				E3282BBB1E6A860A00706DE0 /* UIColor+Hex.swift in Sources */,
				E3282BB91E6A839100706DE0 /* StoryboardInstantiatable.swift in Sources */,
				E3282BB51E6A829E00706DE0 /* ReactionButtonCell.swift in Sources */,
				E3282BB11E6A818C00706DE0 /* RoomViewController.swift in Sources */,
				E3282BBD1E6A88EA00706DE0 /* FirebaseClient.swift in Sources */,
			);
			runOnlyForDeploymentPostprocessing = 0;
		};
/* End PBXSourcesBuildPhase section */

/* Begin PBXVariantGroup section */
		89E423521E6582CD003E4C96 /* Main.storyboard */ = {
			isa = PBXVariantGroup;
			children = (
				89E423531E6582CD003E4C96 /* Base */,
			);
			name = Main.storyboard;
			sourceTree = "<group>";
		};
		89E423571E6582CD003E4C96 /* LaunchScreen.storyboard */ = {
			isa = PBXVariantGroup;
			children = (
				89E423581E6582CD003E4C96 /* Base */,
			);
			name = LaunchScreen.storyboard;
			sourceTree = "<group>";
		};
/* End PBXVariantGroup section */

/* Begin XCBuildConfiguration section */
		89E4235B1E6582CD003E4C96 /* Debug */ = {
			isa = XCBuildConfiguration;
			buildSettings = {
				ALWAYS_SEARCH_USER_PATHS = NO;
				CLANG_ANALYZER_NONNULL = YES;
				CLANG_CXX_LANGUAGE_STANDARD = "gnu++0x";
				CLANG_CXX_LIBRARY = "libc++";
				CLANG_ENABLE_MODULES = YES;
				CLANG_ENABLE_OBJC_ARC = YES;
				CLANG_WARN_BOOL_CONVERSION = YES;
				CLANG_WARN_CONSTANT_CONVERSION = YES;
				CLANG_WARN_DIRECT_OBJC_ISA_USAGE = YES_ERROR;
				CLANG_WARN_DOCUMENTATION_COMMENTS = YES;
				CLANG_WARN_EMPTY_BODY = YES;
				CLANG_WARN_ENUM_CONVERSION = YES;
				CLANG_WARN_INFINITE_RECURSION = YES;
				CLANG_WARN_INT_CONVERSION = YES;
				CLANG_WARN_OBJC_ROOT_CLASS = YES_ERROR;
				CLANG_WARN_SUSPICIOUS_MOVE = YES;
				CLANG_WARN_UNREACHABLE_CODE = YES;
				CLANG_WARN__DUPLICATE_METHOD_MATCH = YES;
				"CODE_SIGN_IDENTITY[sdk=iphoneos*]" = "iPhone Developer";
				COPY_PHASE_STRIP = NO;
				DEBUG_INFORMATION_FORMAT = dwarf;
				ENABLE_STRICT_OBJC_MSGSEND = YES;
				ENABLE_TESTABILITY = YES;
				GCC_C_LANGUAGE_STANDARD = gnu99;
				GCC_DYNAMIC_NO_PIC = NO;
				GCC_NO_COMMON_BLOCKS = YES;
				GCC_OPTIMIZATION_LEVEL = 0;
				GCC_PREPROCESSOR_DEFINITIONS = (
					"DEBUG=1",
					"$(inherited)",
				);
				GCC_WARN_64_TO_32_BIT_CONVERSION = YES;
				GCC_WARN_ABOUT_RETURN_TYPE = YES_ERROR;
				GCC_WARN_UNDECLARED_SELECTOR = YES;
				GCC_WARN_UNINITIALIZED_AUTOS = YES_AGGRESSIVE;
				GCC_WARN_UNUSED_FUNCTION = YES;
				GCC_WARN_UNUSED_VARIABLE = YES;
				IPHONEOS_DEPLOYMENT_TARGET = 10.2;
				MTL_ENABLE_DEBUG_INFO = YES;
				ONLY_ACTIVE_ARCH = YES;
				SDKROOT = iphoneos;
				SWIFT_ACTIVE_COMPILATION_CONDITIONS = DEBUG;
				SWIFT_OPTIMIZATION_LEVEL = "-Onone";
			};
			name = Debug;
		};
		89E4235C1E6582CD003E4C96 /* Release */ = {
			isa = XCBuildConfiguration;
			buildSettings = {
				ALWAYS_SEARCH_USER_PATHS = NO;
				CLANG_ANALYZER_NONNULL = YES;
				CLANG_CXX_LANGUAGE_STANDARD = "gnu++0x";
				CLANG_CXX_LIBRARY = "libc++";
				CLANG_ENABLE_MODULES = YES;
				CLANG_ENABLE_OBJC_ARC = YES;
				CLANG_WARN_BOOL_CONVERSION = YES;
				CLANG_WARN_CONSTANT_CONVERSION = YES;
				CLANG_WARN_DIRECT_OBJC_ISA_USAGE = YES_ERROR;
				CLANG_WARN_DOCUMENTATION_COMMENTS = YES;
				CLANG_WARN_EMPTY_BODY = YES;
				CLANG_WARN_ENUM_CONVERSION = YES;
				CLANG_WARN_INFINITE_RECURSION = YES;
				CLANG_WARN_INT_CONVERSION = YES;
				CLANG_WARN_OBJC_ROOT_CLASS = YES_ERROR;
				CLANG_WARN_SUSPICIOUS_MOVE = YES;
				CLANG_WARN_UNREACHABLE_CODE = YES;
				CLANG_WARN__DUPLICATE_METHOD_MATCH = YES;
				"CODE_SIGN_IDENTITY[sdk=iphoneos*]" = "iPhone Developer";
				COPY_PHASE_STRIP = NO;
				DEBUG_INFORMATION_FORMAT = "dwarf-with-dsym";
				ENABLE_NS_ASSERTIONS = NO;
				ENABLE_STRICT_OBJC_MSGSEND = YES;
				GCC_C_LANGUAGE_STANDARD = gnu99;
				GCC_NO_COMMON_BLOCKS = YES;
				GCC_WARN_64_TO_32_BIT_CONVERSION = YES;
				GCC_WARN_ABOUT_RETURN_TYPE = YES_ERROR;
				GCC_WARN_UNDECLARED_SELECTOR = YES;
				GCC_WARN_UNINITIALIZED_AUTOS = YES_AGGRESSIVE;
				GCC_WARN_UNUSED_FUNCTION = YES;
				GCC_WARN_UNUSED_VARIABLE = YES;
				IPHONEOS_DEPLOYMENT_TARGET = 10.2;
				MTL_ENABLE_DEBUG_INFO = NO;
				SDKROOT = iphoneos;
				SWIFT_OPTIMIZATION_LEVEL = "-Owholemodule";
				VALIDATE_PRODUCT = YES;
			};
			name = Release;
		};
		89E4235E1E6582CD003E4C96 /* Debug */ = {
			isa = XCBuildConfiguration;
			baseConfigurationReference = 1B3B2C80EB0F30549D02EE65 /* Pods-radihey.debug.xcconfig */;
			buildSettings = {
				ASSETCATALOG_COMPILER_APPICON_NAME = AppIcon;
				DEVELOPMENT_TEAM = 432UW5DNEQ;
				INFOPLIST_FILE = radihey/Info.plist;
				LD_RUNPATH_SEARCH_PATHS = "$(inherited) @executable_path/Frameworks";
				PRODUCT_BUNDLE_IDENTIFIER = test.radihey;
				PRODUCT_NAME = "$(TARGET_NAME)";
				SWIFT_VERSION = 3.0;
			};
			name = Debug;
		};
		89E4235F1E6582CD003E4C96 /* Release */ = {
			isa = XCBuildConfiguration;
			baseConfigurationReference = 9AD06E0EAA8BC3DD38F07750 /* Pods-radihey.release.xcconfig */;
			buildSettings = {
				ASSETCATALOG_COMPILER_APPICON_NAME = AppIcon;
				DEVELOPMENT_TEAM = 432UW5DNEQ;
				INFOPLIST_FILE = radihey/Info.plist;
				LD_RUNPATH_SEARCH_PATHS = "$(inherited) @executable_path/Frameworks";
				PRODUCT_BUNDLE_IDENTIFIER = test.radihey;
				PRODUCT_NAME = "$(TARGET_NAME)";
				SWIFT_VERSION = 3.0;
			};
			name = Release;
		};
/* End XCBuildConfiguration section */

/* Begin XCConfigurationList section */
		89E423461E6582CD003E4C96 /* Build configuration list for PBXProject "radihey" */ = {
			isa = XCConfigurationList;
			buildConfigurations = (
				89E4235B1E6582CD003E4C96 /* Debug */,
				89E4235C1E6582CD003E4C96 /* Release */,
			);
			defaultConfigurationIsVisible = 0;
			defaultConfigurationName = Release;
		};
		89E4235D1E6582CD003E4C96 /* Build configuration list for PBXNativeTarget "radihey" */ = {
			isa = XCConfigurationList;
			buildConfigurations = (
				89E4235E1E6582CD003E4C96 /* Debug */,
				89E4235F1E6582CD003E4C96 /* Release */,
			);
			defaultConfigurationIsVisible = 0;
			defaultConfigurationName = Release;
		};
/* End XCConfigurationList section */
	};
	rootObject = 89E423431E6582CD003E4C96 /* Project object */;
}
